
Microsoft Visual Studio Solution File, Format Version 12.00
# Visual Studio Version 16
VisualStudioVersion = 16.0.30717.126
MinimumVisualStudioVersion = 10.0.40219.1
Project("{FAE04EC0-301F-11D3-BF4B-00C04F79EFBC}") = "ペイント", "ペイント\ペイント.csproj", "{FCA5AB80-A091-4C4A-9A00-64FB17257F2C}"
EndProject
Global
	GlobalSection(SolutionConfigurationPlatforms) = preSolution
		Debug|Any CPU = Debug|Any CPU
		Release|Any CPU = Release|Any CPU
	EndGlobalSection
	GlobalSection(ProjectConfigurationPlatforms) = postSolution
		{FCA5AB80-A091-4C4A-9A00-64FB17257F2C}.Debug|Any CPU.ActiveCfg = Debug|Any CPU
		{FCA5AB80-A091-4C4A-9A00-64FB17257F2C}.Debug|Any CPU.Build.0 = Debug|Any CPU
		{FCA5AB80-A091-4C4A-9A00-64FB17257F2C}.Release|Any CPU.ActiveCfg = Release|Any CPU
		{FCA5AB80-A091-4C4A-9A00-64FB17257F2C}.Release|Any CPU.Build.0 = Release|Any CPU
	EndGlobalSection
	GlobalSection(SolutionProperties) = preSolution
		HideSolutionNode = FALSE
	EndGlobalSection
	GlobalSection(ExtensibilityGlobals) = postSolution
		SolutionGuid = {A279F105-2240-4488-81F7-4A0C0D7FFE23}
	EndGlobalSection
EndGlobal
